
Microsoft Visual Studio Solution File, Format Version 12.00
# Visual Studio Version 16
VisualStudioVersion = 16.0.29215.179
MinimumVisualStudioVersion = 10.0.40219.1
Project("{FAE04EC0-301F-11D3-BF4B-00C04F79EFBC}") = "QuaverCodeChallenge", "QuaverCodeChallenge\QuaverCodeChallenge.csproj", "{7693CEA7-CD93-4613-810D-8CF291C049C9}"
EndProject
Global
	GlobalSection(SolutionConfigurationPlatforms) = preSolution
		Debug|Any CPU = Debug|Any CPU
		Release|Any CPU = Release|Any CPU
	EndGlobalSection
	GlobalSection(ProjectConfigurationPlatforms) = postSolution
		{7693CEA7-CD93-4613-810D-8CF291C049C9}.Debug|Any CPU.ActiveCfg = Debug|Any CPU
		{7693CEA7-CD93-4613-810D-8CF291C049C9}.Debug|Any CPU.Build.0 = Debug|Any CPU
		{7693CEA7-CD93-4613-810D-8CF291C049C9}.Release|Any CPU.ActiveCfg = Release|Any CPU
		{7693CEA7-CD93-4613-810D-8CF291C049C9}.Release|Any CPU.Build.0 = Release|Any CPU
	EndGlobalSection
	GlobalSection(SolutionProperties) = preSolution
		HideSolutionNode = FALSE
	EndGlobalSection
	GlobalSection(ExtensibilityGlobals) = postSolution
		SolutionGuid = {00E3F250-2013-403E-99B3-4E1AD890C926}
	EndGlobalSection
EndGlobal
